// !$*UTF8*$!
{
	archiveVersion = 1;
	classes = {
	};
	objectVersion = 46;
	objects = {

/* Begin PBXBuildFile section */
		A65580771F2C22D7001AFD7C /* ExampleViewController1.swift in Sources */ = {isa = PBXBuildFile; fileRef = A65580761F2C22D7001AFD7C /* ExampleViewController1.swift */; };
		A65580821F2C4FC2001AFD7C /* PaperFoldingTransition.swift in Sources */ = {isa = PBXBuildFile; fileRef = A65580811F2C4FC2001AFD7C /* PaperFoldingTransition.swift */; };
		A65580871F2C516B001AFD7C /* ExampleViewController.swift in Sources */ = {isa = PBXBuildFile; fileRef = A65580851F2C516B001AFD7C /* ExampleViewController.swift */; };
		A65580881F2C516B001AFD7C /* ExampleViewController.xib in Resources */ = {isa = PBXBuildFile; fileRef = A65580861F2C516B001AFD7C /* ExampleViewController.xib */; };
		A6CC6ED21F2B93E30048CA80 /* AppDelegate.swift in Sources */ = {isa = PBXBuildFile; fileRef = A6CC6ED11F2B93E30048CA80 /* AppDelegate.swift */; };
		A6CC6ED41F2B93E30048CA80 /* ViewController.swift in Sources */ = {isa = PBXBuildFile; fileRef = A6CC6ED31F2B93E30048CA80 /* ViewController.swift */; };
		A6CC6ED71F2B93E30048CA80 /* Main.storyboard in Resources */ = {isa = PBXBuildFile; fileRef = A6CC6ED51F2B93E30048CA80 /* Main.storyboard */; };
		A6CC6ED91F2B93E30048CA80 /* Assets.xcassets in Resources */ = {isa = PBXBuildFile; fileRef = A6CC6ED81F2B93E30048CA80 /* Assets.xcassets */; };
		A6CC6EDC1F2B93E30048CA80 /* LaunchScreen.storyboard in Resources */ = {isa = PBXBuildFile; fileRef = A6CC6EDA1F2B93E30048CA80 /* LaunchScreen.storyboard */; };
		A6CC6EE51F2B95060048CA80 /* FKFakeTransition.swift in Sources */ = {isa = PBXBuildFile; fileRef = A6CC6EE41F2B95060048CA80 /* FKFakeTransition.swift */; };
		A6CC6EE71F2BAE530048CA80 /* FKPaperFoldingTransition.swift in Sources */ = {isa = PBXBuildFile; fileRef = A6CC6EE61F2BAE530048CA80 /* FKPaperFoldingTransition.swift */; };
/* End PBXBuildFile section */

/* Begin PBXFileReference section */
		A65580761F2C22D7001AFD7C /* ExampleViewController1.swift */ = {isa = PBXFileReference; fileEncoding = 4; lastKnownFileType = sourcecode.swift; path = ExampleViewController1.swift; sourceTree = "<group>"; };
		A65580811F2C4FC2001AFD7C /* PaperFoldingTransition.swift */ = {isa = PBXFileReference; fileEncoding = 4; lastKnownFileType = sourcecode.swift; path = PaperFoldingTransition.swift; sourceTree = "<group>"; };
		A65580851F2C516B001AFD7C /* ExampleViewController.swift */ = {isa = PBXFileReference; fileEncoding = 4; lastKnownFileType = sourcecode.swift; path = ExampleViewController.swift; sourceTree = "<group>"; };
		A65580861F2C516B001AFD7C /* ExampleViewController.xib */ = {isa = PBXFileReference; fileEncoding = 4; lastKnownFileType = file.xib; path = ExampleViewController.xib; sourceTree = "<group>"; };
		A6CC6ECE1F2B93E30048CA80 /* FKFakeTransition.app */ = {isa = PBXFileReference; explicitFileType = wrapper.application; includeInIndex = 0; path = FKFakeTransition.app; sourceTree = BUILT_PRODUCTS_DIR; };
		A6CC6ED11F2B93E30048CA80 /* AppDelegate.swift */ = {isa = PBXFileReference; lastKnownFileType = sourcecode.swift; path = AppDelegate.swift; sourceTree = "<group>"; };
		A6CC6ED31F2B93E30048CA80 /* ViewController.swift */ = {isa = PBXFileReference; lastKnownFileType = sourcecode.swift; path = ViewController.swift; sourceTree = "<group>"; };
		A6CC6ED61F2B93E30048CA80 /* Base */ = {isa = PBXFileReference; lastKnownFileType = file.storyboard; name = Base; path = Base.lproj/Main.storyboard; sourceTree = "<group>"; };
		A6CC6ED81F2B93E30048CA80 /* Assets.xcassets */ = {isa = PBXFileReference; lastKnownFileType = folder.assetcatalog; path = Assets.xcassets; sourceTree = "<group>"; };
		A6CC6EDB1F2B93E30048CA80 /* Base */ = {isa = PBXFileReference; lastKnownFileType = file.storyboard; name = Base; path = Base.lproj/LaunchScreen.storyboard; sourceTree = "<group>"; };
		A6CC6EDD1F2B93E30048CA80 /* Info.plist */ = {isa = PBXFileReference; lastKnownFileType = text.plist.xml; path = Info.plist; sourceTree = "<group>"; };
		A6CC6EE41F2B95060048CA80 /* FKFakeTransition.swift */ = {isa = PBXFileReference; fileEncoding = 4; lastKnownFileType = sourcecode.swift; path = FKFakeTransition.swift; sourceTree = "<group>"; };
		A6CC6EE61F2BAE530048CA80 /* FKPaperFoldingTransition.swift */ = {isa = PBXFileReference; fileEncoding = 4; lastKnownFileType = sourcecode.swift; path = FKPaperFoldingTransition.swift; sourceTree = "<group>"; };
/* End PBXFileReference section */

/* Begin PBXFrameworksBuildPhase section */
		A6CC6ECB1F2B93E30048CA80 /* Frameworks */ = {
			isa = PBXFrameworksBuildPhase;
			buildActionMask = 2147483647;
			files = (
			);
			runOnlyForDeploymentPostprocessing = 0;
		};
/* End PBXFrameworksBuildPhase section */

/* Begin PBXGroup section */
		A6CC6EC51F2B93E30048CA80 = {
			isa = PBXGroup;
			children = (
				A6CC6EE31F2B94E80048CA80 /* FKFakeTransition */,
				A6CC6ED01F2B93E30048CA80 /* FKFakeTransitionDemo */,
				A6CC6ECF1F2B93E30048CA80 /* Products */,
			);
			sourceTree = "<group>";
		};
		A6CC6ECF1F2B93E30048CA80 /* Products */ = {
			isa = PBXGroup;
			children = (
				A6CC6ECE1F2B93E30048CA80 /* FKFakeTransition.app */,
			);
			name = Products;
			sourceTree = "<group>";
		};
		A6CC6ED01F2B93E30048CA80 /* FKFakeTransitionDemo */ = {
			isa = PBXGroup;
			children = (
				A6CC6ED11F2B93E30048CA80 /* AppDelegate.swift */,
				A6CC6ED31F2B93E30048CA80 /* ViewController.swift */,
				A65580761F2C22D7001AFD7C /* ExampleViewController1.swift */,
				A65580851F2C516B001AFD7C /* ExampleViewController.swift */,
				A65580861F2C516B001AFD7C /* ExampleViewController.xib */,
				A6CC6ED51F2B93E30048CA80 /* Main.storyboard */,
				A6CC6ED81F2B93E30048CA80 /* Assets.xcassets */,
				A6CC6EDA1F2B93E30048CA80 /* LaunchScreen.storyboard */,
				A6CC6EDD1F2B93E30048CA80 /* Info.plist */,
				A65580811F2C4FC2001AFD7C /* PaperFoldingTransition.swift */,
			);
			path = FKFakeTransitionDemo;
			sourceTree = "<group>";
		};
		A6CC6EE31F2B94E80048CA80 /* FKFakeTransition */ = {
			isa = PBXGroup;
			children = (
				A6CC6EE41F2B95060048CA80 /* FKFakeTransition.swift */,
				A6CC6EE61F2BAE530048CA80 /* FKPaperFoldingTransition.swift */,
			);
			path = FKFakeTransition;
			sourceTree = "<group>";
		};
/* End PBXGroup section */

/* Begin PBXNativeTarget section */
		A6CC6ECD1F2B93E30048CA80 /* FKFakeTransition */ = {
			isa = PBXNativeTarget;
			buildConfigurationList = A6CC6EE01F2B93E30048CA80 /* Build configuration list for PBXNativeTarget "FKFakeTransition" */;
			buildPhases = (
				A6CC6ECA1F2B93E30048CA80 /* Sources */,
				A6CC6ECB1F2B93E30048CA80 /* Frameworks */,
				A6CC6ECC1F2B93E30048CA80 /* Resources */,
			);
			buildRules = (
			);
			dependencies = (
			);
			name = FKFakeTransition;
			productName = FKFakeTransition;
			productReference = A6CC6ECE1F2B93E30048CA80 /* FKFakeTransition.app */;
			productType = "com.apple.product-type.application";
		};
/* End PBXNativeTarget section */

/* Begin PBXProject section */
		A6CC6EC61F2B93E30048CA80 /* Project object */ = {
			isa = PBXProject;
			attributes = {
				LastSwiftUpdateCheck = 0830;
				LastUpgradeCheck = 0830;
				ORGANIZATIONNAME = FlyKite;
				TargetAttributes = {
					A6CC6ECD1F2B93E30048CA80 = {
						CreatedOnToolsVersion = 8.3.3;
						DevelopmentTeam = 77M64ZZJGP;
						ProvisioningStyle = Automatic;
					};
				};
			};
			buildConfigurationList = A6CC6EC91F2B93E30048CA80 /* Build configuration list for PBXProject "FKFakeTransition" */;
			compatibilityVersion = "Xcode 3.2";
			developmentRegion = English;
			hasScannedForEncodings = 0;
			knownRegions = (
				en,
				Base,
			);
			mainGroup = A6CC6EC51F2B93E30048CA80;
			productRefGroup = A6CC6ECF1F2B93E30048CA80 /* Products */;
			projectDirPath = "";
			projectRoot = "";
			targets = (
				A6CC6ECD1F2B93E30048CA80 /* FKFakeTransition */,
			);
		};
/* End PBXProject section */

/* Begin PBXResourcesBuildPhase section */
		A6CC6ECC1F2B93E30048CA80 /* Resources */ = {
			isa = PBXResourcesBuildPhase;
			buildActionMask = 2147483647;
			files = (
				A6CC6EDC1F2B93E30048CA80 /* LaunchScreen.storyboard in Resources */,
				A65580881F2C516B001AFD7C /* ExampleViewController.xib in Resources */,
				A6CC6ED91F2B93E30048CA80 /* Assets.xcassets in Resources */,
				A6CC6ED71F2B93E30048CA80 /* Main.storyboard in Resources */,
			);
			runOnlyForDeploymentPostprocessing = 0;
		};
/* End PBXResourcesBuildPhase section */

/* Begin PBXSourcesBuildPhase section */
		A6CC6ECA1F2B93E30048CA80 /* Sources */ = {
			isa = PBXSourcesBuildPhase;
			buildActionMask = 2147483647;
			files = (
				A6CC6EE71F2BAE530048CA80 /* FKPaperFoldingTransition.swift in Sources */,
				A65580821F2C4FC2001AFD7C /* PaperFoldingTransition.swift in Sources */,
				A6CC6EE51F2B95060048CA80 /* FKFakeTransition.swift in Sources */,
				A6CC6ED41F2B93E30048CA80 /* ViewController.swift in Sources */,
				A65580871F2C516B001AFD7C /* ExampleViewController.swift in Sources */,
				A6CC6ED21F2B93E30048CA80 /* AppDelegate.swift in Sources */,
				A65580771F2C22D7001AFD7C /* ExampleViewController1.swift in Sources */,
			);
			runOnlyForDeploymentPostprocessing = 0;
		};
/* End PBXSourcesBuildPhase section */

/* Begin PBXVariantGroup section */
		A6CC6ED51F2B93E30048CA80 /* Main.storyboard */ = {
			isa = PBXVariantGroup;
			children = (
				A6CC6ED61F2B93E30048CA80 /* Base */,
			);
			name = Main.storyboard;
			sourceTree = "<group>";
		};
		A6CC6EDA1F2B93E30048CA80 /* LaunchScreen.storyboard */ = {
			isa = PBXVariantGroup;
			children = (
				A6CC6EDB1F2B93E30048CA80 /* Base */,
			);
			name = LaunchScreen.storyboard;
			sourceTree = "<group>";
		};
/* End PBXVariantGroup section */

/* Begin XCBuildConfiguration section */
		A6CC6EDE1F2B93E30048CA80 /* Debug */ = {
			isa = XCBuildConfiguration;
			buildSettings = {
				ALWAYS_SEARCH_USER_PATHS = NO;
				CLANG_ANALYZER_NONNULL = YES;
				CLANG_ANALYZER_NUMBER_OBJECT_CONVERSION = YES_AGGRESSIVE;
				CLANG_CXX_LANGUAGE_STANDARD = "gnu++0x";
				CLANG_CXX_LIBRARY = "libc++";
				CLANG_ENABLE_MODULES = YES;
				CLANG_ENABLE_OBJC_ARC = YES;
				CLANG_WARN_BOOL_CONVERSION = YES;
				CLANG_WARN_CONSTANT_CONVERSION = YES;
				CLANG_WARN_DIRECT_OBJC_ISA_USAGE = YES_ERROR;
				CLANG_WARN_DOCUMENTATION_COMMENTS = YES;
				CLANG_WARN_EMPTY_BODY = YES;
				CLANG_WARN_ENUM_CONVERSION = YES;
				CLANG_WARN_INFINITE_RECURSION = YES;
				CLANG_WARN_INT_CONVERSION = YES;
				CLANG_WARN_OBJC_ROOT_CLASS = YES_ERROR;
				CLANG_WARN_SUSPICIOUS_MOVE = YES;
				CLANG_WARN_UNREACHABLE_CODE = YES;
				CLANG_WARN__DUPLICATE_METHOD_MATCH = YES;
				"CODE_SIGN_IDENTITY[sdk=iphoneos*]" = "iPhone Developer";
				COPY_PHASE_STRIP = NO;
				DEBUG_INFORMATION_FORMAT = dwarf;
				ENABLE_STRICT_OBJC_MSGSEND = YES;
				ENABLE_TESTABILITY = YES;
				GCC_C_LANGUAGE_STANDARD = gnu99;
				GCC_DYNAMIC_NO_PIC = NO;
				GCC_NO_COMMON_BLOCKS = YES;
				GCC_OPTIMIZATION_LEVEL = 0;
				GCC_PREPROCESSOR_DEFINITIONS = (
					"DEBUG=1",
					"$(inherited)",
				);
				GCC_WARN_64_TO_32_BIT_CONVERSION = YES;
				GCC_WARN_ABOUT_RETURN_TYPE = YES_ERROR;
				GCC_WARN_UNDECLARED_SELECTOR = YES;
				GCC_WARN_UNINITIALIZED_AUTOS = YES_AGGRESSIVE;
				GCC_WARN_UNUSED_FUNCTION = YES;
				GCC_WARN_UNUSED_VARIABLE = YES;
				IPHONEOS_DEPLOYMENT_TARGET = 10.3;
				MTL_ENABLE_DEBUG_INFO = YES;
				ONLY_ACTIVE_ARCH = YES;
				SDKROOT = iphoneos;
				SWIFT_ACTIVE_COMPILATION_CONDITIONS = DEBUG;
				SWIFT_OPTIMIZATION_LEVEL = "-Onone";
				TARGETED_DEVICE_FAMILY = "1,2";
			};
			name = Debug;
		};
		A6CC6EDF1F2B93E30048CA80 /* Release */ = {
			isa = XCBuildConfiguration;
			buildSettings = {
				ALWAYS_SEARCH_USER_PATHS = NO;
				CLANG_ANALYZER_NONNULL = YES;
				CLANG_ANALYZER_NUMBER_OBJECT_CONVERSION = YES_AGGRESSIVE;
				CLANG_CXX_LANGUAGE_STANDARD = "gnu++0x";
				CLANG_CXX_LIBRARY = "libc++";
				CLANG_ENABLE_MODULES = YES;
				CLANG_ENABLE_OBJC_ARC = YES;
				CLANG_WARN_BOOL_CONVERSION = YES;
				CLANG_WARN_CONSTANT_CONVERSION = YES;
				CLANG_WARN_DIRECT_OBJC_ISA_USAGE = YES_ERROR;
				CLANG_WARN_DOCUMENTATION_COMMENTS = YES;
				CLANG_WARN_EMPTY_BODY = YES;
				CLANG_WARN_ENUM_CONVERSION = YES;
				CLANG_WARN_INFINITE_RECURSION = YES;
				CLANG_WARN_INT_CONVERSION = YES;
				CLANG_WARN_OBJC_ROOT_CLASS = YES_ERROR;
				CLANG_WARN_SUSPICIOUS_MOVE = YES;
				CLANG_WARN_UNREACHABLE_CODE = YES;
				CLANG_WARN__DUPLICATE_METHOD_MATCH = YES;
				"CODE_SIGN_IDENTITY[sdk=iphoneos*]" = "iPhone Developer";
				COPY_PHASE_STRIP = NO;
				DEBUG_INFORMATION_FORMAT = "dwarf-with-dsym";
				ENABLE_NS_ASSERTIONS = NO;
				ENABLE_STRICT_OBJC_MSGSEND = YES;
				GCC_C_LANGUAGE_STANDARD = gnu99;
				GCC_NO_COMMON_BLOCKS = YES;
				GCC_WARN_64_TO_32_BIT_CONVERSION = YES;
				GCC_WARN_ABOUT_RETURN_TYPE = YES_ERROR;
				GCC_WARN_UNDECLARED_SELECTOR = YES;
				GCC_WARN_UNINITIALIZED_AUTOS = YES_AGGRESSIVE;
				GCC_WARN_UNUSED_FUNCTION = YES;
				GCC_WARN_UNUSED_VARIABLE = YES;
				IPHONEOS_DEPLOYMENT_TARGET = 10.3;
				MTL_ENABLE_DEBUG_INFO = NO;
				SDKROOT = iphoneos;
				SWIFT_OPTIMIZATION_LEVEL = "-Owholemodule";
				TARGETED_DEVICE_FAMILY = "1,2";
				VALIDATE_PRODUCT = YES;
			};
			name = Release;
		};
		A6CC6EE11F2B93E30048CA80 /* Debug */ = {
			isa = XCBuildConfiguration;
			buildSettings = {
				ASSETCATALOG_COMPILER_APPICON_NAME = AppIcon;
				DEVELOPMENT_TEAM = 77M64ZZJGP;
				INFOPLIST_FILE = "$(SRCROOT)/FKFakeTransitionDemo/Info.plist";
				LD_RUNPATH_SEARCH_PATHS = "$(inherited) @executable_path/Frameworks";
				PRODUCT_BUNDLE_IDENTIFIER = com.flykite.FKFakeTransition;
				PRODUCT_NAME = "$(TARGET_NAME)";
				SWIFT_VERSION = 3.0;
			};
			name = Debug;
		};
		A6CC6EE21F2B93E30048CA80 /* Release */ = {
			isa = XCBuildConfiguration;
			buildSettings = {
				ASSETCATALOG_COMPILER_APPICON_NAME = AppIcon;
				DEVELOPMENT_TEAM = 77M64ZZJGP;
				INFOPLIST_FILE = "$(SRCROOT)/FKFakeTransitionDemo/Info.plist";
				LD_RUNPATH_SEARCH_PATHS = "$(inherited) @executable_path/Frameworks";
				PRODUCT_BUNDLE_IDENTIFIER = com.flykite.FKFakeTransition;
				PRODUCT_NAME = "$(TARGET_NAME)";
				SWIFT_VERSION = 3.0;
			};
			name = Release;
		};
/* End XCBuildConfiguration section */

/* Begin XCConfigurationList section */
		A6CC6EC91F2B93E30048CA80 /* Build configuration list for PBXProject "FKFakeTransition" */ = {
			isa = XCConfigurationList;
			buildConfigurations = (
				A6CC6EDE1F2B93E30048CA80 /* Debug */,
				A6CC6EDF1F2B93E30048CA80 /* Release */,
			);
			defaultConfigurationIsVisible = 0;
			defaultConfigurationName = Release;
		};
		A6CC6EE01F2B93E30048CA80 /* Build configuration list for PBXNativeTarget "FKFakeTransition" */ = {
			isa = XCConfigurationList;
			buildConfigurations = (
				A6CC6EE11F2B93E30048CA80 /* Debug */,
				A6CC6EE21F2B93E30048CA80 /* Release */,
			);
			defaultConfigurationIsVisible = 0;
			defaultConfigurationName = Release;
		};
/* End XCConfigurationList section */
	};
	rootObject = A6CC6EC61F2B93E30048CA80 /* Project object */;
}
